// !$*UTF8*$!
{
	archiveVersion = 1;
	classes = {
	};
	objectVersion = 45;
	objects = {

/* Begin PBXBuildFile section */
		1DDD58160DA1D0A300B32029 /* MainMenu.xib in Resources */ = {isa = PBXBuildFile; fileRef = 1DDD58140DA1D0A300B32029 /* MainMenu.xib */; };
		3D94A55A147A747200DDA4AA /* JRSwizzle.m in Sources */ = {isa = PBXBuildFile; fileRef = 3D94A559147A747200DDA4AA /* JRSwizzle.m */; };
		3D94A728147AC19500DDA4AA /* NSString+AutodetectTextEncoding.m in Sources */ = {isa = PBXBuildFile; fileRef = 3D94A727147AC19500DDA4AA /* NSString+AutodetectTextEncoding.m */; };
		3D94A801147AD5CA00DDA4AA /* NSView+ScrollToRect.m in Sources */ = {isa = PBXBuildFile; fileRef = 3D94A800147AD5CA00DDA4AA /* NSView+ScrollToRect.m */; };
		553744150E4430ED00B1011D /* AppDelegate.m in Sources */ = {isa = PBXBuildFile; fileRef = 553744140E4430ED00B1011D /* AppDelegate.m */; };
		5537441B0E4431B600B1011D /* UKDiffParser.m in Sources */ = {isa = PBXBuildFile; fileRef = 5537441A0E4431B600B1011D /* UKDiffParser.m */; };
		553744DF0E44637F00B1011D /* UKDiffView.m in Sources */ = {isa = PBXBuildFile; fileRef = 553744DE0E44637F00B1011D /* UKDiffView.m */; };
		553748F80E48E38200B1011D /* UKObjectLogger.m in Sources */ = {isa = PBXBuildFile; fileRef = 553748F70E48E38200B1011D /* UKObjectLogger.m */; };
		55EA2B970E4E4E010057AFAF /* UKDiffViewChooseLeft.pdf in Resources */ = {isa = PBXBuildFile; fileRef = 55EA2B950E4E4E010057AFAF /* UKDiffViewChooseLeft.pdf */; };
		55EA2B980E4E4E010057AFAF /* UKDiffViewChooseRight.pdf in Resources */ = {isa = PBXBuildFile; fileRef = 55EA2B960E4E4E010057AFAF /* UKDiffViewChooseRight.pdf */; };
		8D11072B0486CEB800E47090 /* InfoPlist.strings in Resources */ = {isa = PBXBuildFile; fileRef = 089C165CFE840E0CC02AAC07 /* InfoPlist.strings */; };
		8D11072D0486CEB800E47090 /* main.m in Sources */ = {isa = PBXBuildFile; fileRef = 29B97316FDCFA39411CA2CEA /* main.m */; settings = {ATTRIBUTES = (); }; };
		8D11072F0486CEB800E47090 /* Cocoa.framework in Frameworks */ = {isa = PBXBuildFile; fileRef = 1058C7A1FEA54F0111CA2CBB /* Cocoa.framework */; };
/* End PBXBuildFile section */

/* Begin PBXFileReference section */
		089C165DFE840E0CC02AAC07 /* English */ = {isa = PBXFileReference; fileEncoding = 10; lastKnownFileType = text.plist.strings; name = English; path = English.lproj/InfoPlist.strings; sourceTree = "<group>"; };
		1058C7A1FEA54F0111CA2CBB /* Cocoa.framework */ = {isa = PBXFileReference; lastKnownFileType = wrapper.framework; name = Cocoa.framework; path = /System/Library/Frameworks/Cocoa.framework; sourceTree = "<absolute>"; };
		13E42FB307B3F0F600E4EEF1 /* CoreData.framework */ = {isa = PBXFileReference; lastKnownFileType = wrapper.framework; name = CoreData.framework; path = /System/Library/Frameworks/CoreData.framework; sourceTree = "<absolute>"; };
		1DDD58150DA1D0A300B32029 /* English */ = {isa = PBXFileReference; lastKnownFileType = file.xib; name = English; path = English.lproj/MainMenu.xib; sourceTree = "<group>"; };
		29B97316FDCFA39411CA2CEA /* main.m */ = {isa = PBXFileReference; fileEncoding = 4; lastKnownFileType = sourcecode.c.objc; path = main.m; sourceTree = "<group>"; };
		29B97324FDCFA39411CA2CEA /* AppKit.framework */ = {isa = PBXFileReference; lastKnownFileType = wrapper.framework; name = AppKit.framework; path = /System/Library/Frameworks/AppKit.framework; sourceTree = "<absolute>"; };
		29B97325FDCFA39411CA2CEA /* Foundation.framework */ = {isa = PBXFileReference; lastKnownFileType = wrapper.framework; name = Foundation.framework; path = /System/Library/Frameworks/Foundation.framework; sourceTree = "<absolute>"; };
		32CA4F630368D1EE00C91783 /* AngelDiff_Prefix.pch */ = {isa = PBXFileReference; fileEncoding = 4; lastKnownFileType = sourcecode.c.h; path = AngelDiff_Prefix.pch; sourceTree = "<group>"; };
		3D94A51C147A6D4500DDA4AA /* Base.xcconfig */ = {isa = PBXFileReference; fileEncoding = 4; lastKnownFileType = text.xcconfig; path = Base.xcconfig; sourceTree = "<group>"; };
		3D94A558147A747200DDA4AA /* JRSwizzle.h */ = {isa = PBXFileReference; fileEncoding = 4; lastKnownFileType = sourcecode.c.h; name = JRSwizzle.h; path = jrswizzle/JRSwizzle.h; sourceTree = "<group>"; };
		3D94A559147A747200DDA4AA /* JRSwizzle.m */ = {isa = PBXFileReference; fileEncoding = 4; lastKnownFileType = sourcecode.c.objc; name = JRSwizzle.m; path = jrswizzle/JRSwizzle.m; sourceTree = "<group>"; };
		3D94A726147AC19500DDA4AA /* NSString+AutodetectTextEncoding.h */ = {isa = PBXFileReference; fileEncoding = 4; lastKnownFileType = sourcecode.c.h; path = "NSString+AutodetectTextEncoding.h"; sourceTree = "<group>"; };
		3D94A727147AC19500DDA4AA /* NSString+AutodetectTextEncoding.m */ = {isa = PBXFileReference; fileEncoding = 4; lastKnownFileType = sourcecode.c.objc; path = "NSString+AutodetectTextEncoding.m"; sourceTree = "<group>"; };
		3D94A7FF147AD5CA00DDA4AA /* NSView+ScrollToRect.h */ = {isa = PBXFileReference; fileEncoding = 4; lastKnownFileType = sourcecode.c.h; path = "NSView+ScrollToRect.h"; sourceTree = "<group>"; };
		3D94A800147AD5CA00DDA4AA /* NSView+ScrollToRect.m */ = {isa = PBXFileReference; fileEncoding = 4; lastKnownFileType = sourcecode.c.objc; path = "NSView+ScrollToRect.m"; sourceTree = "<group>"; };
		5508EC040E4E5E1A00740CF8 /* Testfile1.udiff */ = {isa = PBXFileReference; fileEncoding = 4; lastKnownFileType = text; path = Testfile1.udiff; sourceTree = "<group>"; };
		553744130E4430ED00B1011D /* AppDelegate.h */ = {isa = PBXFileReference; fileEncoding = 4; lastKnownFileType = sourcecode.c.h; path = AppDelegate.h; sourceTree = "<group>"; };
		553744140E4430ED00B1011D /* AppDelegate.m */ = {isa = PBXFileReference; fileEncoding = 4; lastKnownFileType = sourcecode.c.objc; path = AppDelegate.m; sourceTree = "<group>"; };
		553744190E4431B600B1011D /* UKDiffParser.h */ = {isa = PBXFileReference; fileEncoding = 4; lastKnownFileType = sourcecode.c.h; path = UKDiffParser.h; sourceTree = "<group>"; };
		5537441A0E4431B600B1011D /* UKDiffParser.m */ = {isa = PBXFileReference; fileEncoding = 4; lastKnownFileType = sourcecode.c.objc; path = UKDiffParser.m; sourceTree = "<group>"; };
		5537441F0E443B8900B1011D /* UKHelperMacros.h */ = {isa = PBXFileReference; fileEncoding = 4; lastKnownFileType = sourcecode.c.h; name = UKHelperMacros.h; path = ../UliKit/UKHelperMacros.h; sourceTree = SOURCE_ROOT; };
		553744DD0E44637F00B1011D /* UKDiffView.h */ = {isa = PBXFileReference; fileEncoding = 4; lastKnownFileType = sourcecode.c.h; path = UKDiffView.h; sourceTree = "<group>"; };
		553744DE0E44637F00B1011D /* UKDiffView.m */ = {isa = PBXFileReference; fileEncoding = 4; lastKnownFileType = sourcecode.c.objc; path = UKDiffView.m; sourceTree = "<group>"; };
		5537457C0E4471E600B1011D /* Testfile1.txt */ = {isa = PBXFileReference; fileEncoding = 4; lastKnownFileType = text; path = Testfile1.txt; sourceTree = "<group>"; };
		5537457D0E4471EE00B1011D /* Testfile2.txt */ = {isa = PBXFileReference; fileEncoding = 4; lastKnownFileType = text; path = Testfile2.txt; sourceTree = "<group>"; };
		5537457E0E44720000B1011D /* Testfile1.diff */ = {isa = PBXFileReference; fileEncoding = 4; lastKnownFileType = text; path = Testfile1.diff; sourceTree = "<group>"; };
		553748F60E48E38200B1011D /* UKObjectLogger.h */ = {isa = PBXFileReference; fileEncoding = 4; lastKnownFileType = sourcecode.c.h; path = UKObjectLogger.h; sourceTree = "<group>"; };
		553748F70E48E38200B1011D /* UKObjectLogger.m */ = {isa = PBXFileReference; fileEncoding = 4; lastKnownFileType = sourcecode.c.objc; path = UKObjectLogger.m; sourceTree = "<group>"; };
		55EA2B950E4E4E010057AFAF /* UKDiffViewChooseLeft.pdf */ = {isa = PBXFileReference; lastKnownFileType = image.pdf; path = UKDiffViewChooseLeft.pdf; sourceTree = "<group>"; };
		55EA2B960E4E4E010057AFAF /* UKDiffViewChooseRight.pdf */ = {isa = PBXFileReference; lastKnownFileType = image.pdf; path = UKDiffViewChooseRight.pdf; sourceTree = "<group>"; };
		8D1107310486CEB800E47090 /* Info.plist */ = {isa = PBXFileReference; fileEncoding = 4; lastKnownFileType = text.plist.xml; path = Info.plist; sourceTree = "<group>"; };
		8D1107320486CEB800E47090 /* AngelDiff.app */ = {isa = PBXFileReference; explicitFileType = wrapper.application; includeInIndex = 0; path = AngelDiff.app; sourceTree = BUILT_PRODUCTS_DIR; };
/* End PBXFileReference section */

/* Begin PBXFrameworksBuildPhase section */
		8D11072E0486CEB800E47090 /* Frameworks */ = {
			isa = PBXFrameworksBuildPhase;
			buildActionMask = 2147483647;
			files = (
				8D11072F0486CEB800E47090 /* Cocoa.framework in Frameworks */,
			);
			runOnlyForDeploymentPostprocessing = 0;
		};
/* End PBXFrameworksBuildPhase section */

/* Begin PBXGroup section */
		080E96DDFE201D6D7F000001 /* Classes */ = {
			isa = PBXGroup;
			children = (
				553744130E4430ED00B1011D /* AppDelegate.h */,
				553744140E4430ED00B1011D /* AppDelegate.m */,
				553744DD0E44637F00B1011D /* UKDiffView.h */,
				553744DE0E44637F00B1011D /* UKDiffView.m */,
				553744190E4431B600B1011D /* UKDiffParser.h */,
				5537441A0E4431B600B1011D /* UKDiffParser.m */,
				3D94A726147AC19500DDA4AA /* NSString+AutodetectTextEncoding.h */,
				3D94A727147AC19500DDA4AA /* NSString+AutodetectTextEncoding.m */,
				3D94A7FF147AD5CA00DDA4AA /* NSView+ScrollToRect.h */,
				3D94A800147AD5CA00DDA4AA /* NSView+ScrollToRect.m */,
			);
			name = Classes;
			sourceTree = "<group>";
		};
		1058C7A0FEA54F0111CA2CBB /* Linked Frameworks */ = {
			isa = PBXGroup;
			children = (
				1058C7A1FEA54F0111CA2CBB /* Cocoa.framework */,
			);
			name = "Linked Frameworks";
			sourceTree = "<group>";
		};
		1058C7A2FEA54F0111CA2CBB /* Other Frameworks */ = {
			isa = PBXGroup;
			children = (
				29B97324FDCFA39411CA2CEA /* AppKit.framework */,
				13E42FB307B3F0F600E4EEF1 /* CoreData.framework */,
				29B97325FDCFA39411CA2CEA /* Foundation.framework */,
			);
			name = "Other Frameworks";
			sourceTree = "<group>";
		};
		19C28FACFE9D520D11CA2CBB /* Products */ = {
			isa = PBXGroup;
			children = (
				8D1107320486CEB800E47090 /* AngelDiff.app */,
			);
			name = Products;
			sourceTree = "<group>";
		};
		29B97314FDCFA39411CA2CEA /* AngelDiff */ = {
			isa = PBXGroup;
			children = (
				5537457C0E4471E600B1011D /* Testfile1.txt */,
				5537457E0E44720000B1011D /* Testfile1.diff */,
				5508EC040E4E5E1A00740CF8 /* Testfile1.udiff */,
				5537457D0E4471EE00B1011D /* Testfile2.txt */,
				080E96DDFE201D6D7F000001 /* Classes */,
				3D94A554147A745A00DDA4AA /* ThirdParty */,
				29B97315FDCFA39411CA2CEA /* Other Sources */,
				29B97317FDCFA39411CA2CEA /* Resources */,
				29B97323FDCFA39411CA2CEA /* Frameworks */,
				3D94A51B147A6D4500DDA4AA /* Configs */,
				19C28FACFE9D520D11CA2CBB /* Products */,
			);
			name = AngelDiff;
			sourceTree = "<group>";
		};
		29B97315FDCFA39411CA2CEA /* Other Sources */ = {
			isa = PBXGroup;
			children = (
				553748F60E48E38200B1011D /* UKObjectLogger.h */,
				553748F70E48E38200B1011D /* UKObjectLogger.m */,
				32CA4F630368D1EE00C91783 /* AngelDiff_Prefix.pch */,
				29B97316FDCFA39411CA2CEA /* main.m */,
				5537441F0E443B8900B1011D /* UKHelperMacros.h */,
			);
			name = "Other Sources";
			sourceTree = "<group>";
		};
		29B97317FDCFA39411CA2CEA /* Resources */ = {
			isa = PBXGroup;
			children = (
				8D1107310486CEB800E47090 /* Info.plist */,
				089C165CFE840E0CC02AAC07 /* InfoPlist.strings */,
				1DDD58140DA1D0A300B32029 /* MainMenu.xib */,
				55EA2B950E4E4E010057AFAF /* UKDiffViewChooseLeft.pdf */,
				55EA2B960E4E4E010057AFAF /* UKDiffViewChooseRight.pdf */,
			);
			name = Resources;
			sourceTree = "<group>";
		};
		29B97323FDCFA39411CA2CEA /* Frameworks */ = {
			isa = PBXGroup;
			children = (
				1058C7A0FEA54F0111CA2CBB /* Linked Frameworks */,
				1058C7A2FEA54F0111CA2CBB /* Other Frameworks */,
			);
			name = Frameworks;
			sourceTree = "<group>";
		};
		3D94A51B147A6D4500DDA4AA /* Configs */ = {
			isa = PBXGroup;
			children = (
				3D94A51C147A6D4500DDA4AA /* Base.xcconfig */,
			);
			path = Configs;
			sourceTree = "<group>";
		};
		3D94A554147A745A00DDA4AA /* ThirdParty */ = {
			isa = PBXGroup;
			children = (
				3D94A558147A747200DDA4AA /* JRSwizzle.h */,
				3D94A559147A747200DDA4AA /* JRSwizzle.m */,
			);
			name = ThirdParty;
			sourceTree = "<group>";
		};
/* End PBXGroup section */

/* Begin PBXNativeTarget section */
		8D1107260486CEB800E47090 /* AngelDiff */ = {
			isa = PBXNativeTarget;
			buildConfigurationList = C01FCF4A08A954540054247B /* Build configuration list for PBXNativeTarget "AngelDiff" */;
			buildPhases = (
				8D1107290486CEB800E47090 /* Resources */,
				8D11072C0486CEB800E47090 /* Sources */,
				8D11072E0486CEB800E47090 /* Frameworks */,
			);
			buildRules = (
			);
			dependencies = (
			);
			name = AngelDiff;
			productInstallPath = "$(HOME)/Applications";
			productName = AngelDiff;
			productReference = 8D1107320486CEB800E47090 /* AngelDiff.app */;
			productType = "com.apple.product-type.application";
		};
/* End PBXNativeTarget section */

/* Begin PBXProject section */
		29B97313FDCFA39411CA2CEA /* Project object */ = {
			isa = PBXProject;
			buildConfigurationList = C01FCF4E08A954540054247B /* Build configuration list for PBXProject "AngelDiff" */;
			compatibilityVersion = "Xcode 3.1";
			developmentRegion = English;
			hasScannedForEncodings = 1;
			knownRegions = (
				English,
				Japanese,
				French,
				German,
			);
			mainGroup = 29B97314FDCFA39411CA2CEA /* AngelDiff */;
			projectDirPath = "";
			projectRoot = "";
			targets = (
				8D1107260486CEB800E47090 /* AngelDiff */,
			);
		};
/* End PBXProject section */

/* Begin PBXResourcesBuildPhase section */
		8D1107290486CEB800E47090 /* Resources */ = {
			isa = PBXResourcesBuildPhase;
			buildActionMask = 2147483647;
			files = (
				8D11072B0486CEB800E47090 /* InfoPlist.strings in Resources */,
				1DDD58160DA1D0A300B32029 /* MainMenu.xib in Resources */,
				55EA2B970E4E4E010057AFAF /* UKDiffViewChooseLeft.pdf in Resources */,
				55EA2B980E4E4E010057AFAF /* UKDiffViewChooseRight.pdf in Resources */,
			);
			runOnlyForDeploymentPostprocessing = 0;
		};
/* End PBXResourcesBuildPhase section */

/* Begin PBXSourcesBuildPhase section */
		8D11072C0486CEB800E47090 /* Sources */ = {
			isa = PBXSourcesBuildPhase;
			buildActionMask = 2147483647;
			files = (
				8D11072D0486CEB800E47090 /* main.m in Sources */,
				553744150E4430ED00B1011D /* AppDelegate.m in Sources */,
				5537441B0E4431B600B1011D /* UKDiffParser.m in Sources */,
				553744DF0E44637F00B1011D /* UKDiffView.m in Sources */,
				553748F80E48E38200B1011D /* UKObjectLogger.m in Sources */,
				3D94A55A147A747200DDA4AA /* JRSwizzle.m in Sources */,
				3D94A728147AC19500DDA4AA /* NSString+AutodetectTextEncoding.m in Sources */,
				3D94A801147AD5CA00DDA4AA /* NSView+ScrollToRect.m in Sources */,
			);
			runOnlyForDeploymentPostprocessing = 0;
		};
/* End PBXSourcesBuildPhase section */

/* Begin PBXVariantGroup section */
		089C165CFE840E0CC02AAC07 /* InfoPlist.strings */ = {
			isa = PBXVariantGroup;
			children = (
				089C165DFE840E0CC02AAC07 /* English */,
			);
			name = InfoPlist.strings;
			sourceTree = "<group>";
		};
		1DDD58140DA1D0A300B32029 /* MainMenu.xib */ = {
			isa = PBXVariantGroup;
			children = (
				1DDD58150DA1D0A300B32029 /* English */,
			);
			name = MainMenu.xib;
			sourceTree = "<group>";
		};
/* End PBXVariantGroup section */

/* Begin XCBuildConfiguration section */
		C01FCF4B08A954540054247B /* Debug */ = {
			isa = XCBuildConfiguration;
			buildSettings = {
				ALWAYS_SEARCH_USER_PATHS = NO;
				COPY_PHASE_STRIP = NO;
				GCC_DYNAMIC_NO_PIC = NO;
				GCC_ENABLE_FIX_AND_CONTINUE = YES;
				GCC_MODEL_TUNING = G5;
				GCC_OPTIMIZATION_LEVEL = 0;
				GCC_PRECOMPILE_PREFIX_HEADER = YES;
				GCC_PREFIX_HEADER = AngelDiff_Prefix.pch;
				GCC_PREPROCESSOR_DEFINITIONS = "DEBUG=1";
				GCC_WARN_64_TO_32_BIT_CONVERSION = YES;
				GCC_WARN_ABOUT_MISSING_PROTOTYPES = YES;
				GCC_WARN_CHECK_SWITCH_STATEMENTS = YES;
				GCC_WARN_EFFECTIVE_CPLUSPLUS_VIOLATIONS = YES;
				GCC_WARN_HIDDEN_VIRTUAL_FUNCTIONS = YES;
				GCC_WARN_INITIALIZER_NOT_FULLY_BRACKETED = YES;
				GCC_WARN_MISSING_PARENTHESES = YES;
				GCC_WARN_NON_VIRTUAL_DESTRUCTOR = YES;
				GCC_WARN_SHADOW = YES;
				GCC_WARN_SIGN_COMPARE = YES;
				GCC_WARN_TYPECHECK_CALLS_TO_PRINTF = YES;
				GCC_WARN_UNUSED_PARAMETER = YES;
				INFOPLIST_FILE = Info.plist;
				INSTALL_PATH = "$(HOME)/Applications";
				PRODUCT_NAME = AngelDiff;
			};
			name = Debug;
		};
		C01FCF4C08A954540054247B /* Release */ = {
			isa = XCBuildConfiguration;
			buildSettings = {
				ALWAYS_SEARCH_USER_PATHS = NO;
				DEBUG_INFORMATION_FORMAT = "dwarf-with-dsym";
				GCC_MODEL_TUNING = G5;
				GCC_PRECOMPILE_PREFIX_HEADER = YES;
				GCC_PREFIX_HEADER = AngelDiff_Prefix.pch;
				GCC_WARN_64_TO_32_BIT_CONVERSION = YES;
				GCC_WARN_ABOUT_MISSING_PROTOTYPES = YES;
				GCC_WARN_CHECK_SWITCH_STATEMENTS = YES;
				GCC_WARN_EFFECTIVE_CPLUSPLUS_VIOLATIONS = YES;
				GCC_WARN_HIDDEN_VIRTUAL_FUNCTIONS = YES;
				GCC_WARN_INITIALIZER_NOT_FULLY_BRACKETED = YES;
				GCC_WARN_MISSING_PARENTHESES = YES;
				GCC_WARN_NON_VIRTUAL_DESTRUCTOR = YES;
				GCC_WARN_SHADOW = YES;
				GCC_WARN_SIGN_COMPARE = YES;
				GCC_WARN_TYPECHECK_CALLS_TO_PRINTF = YES;
				GCC_WARN_UNUSED_PARAMETER = YES;
				INFOPLIST_FILE = Info.plist;
				INSTALL_PATH = "$(HOME)/Applications";
				PRODUCT_NAME = AngelDiff;
			};
			name = Release;
		};
		C01FCF4F08A954540054247B /* Debug */ = {
			isa = XCBuildConfiguration;
			baseConfigurationReference = 3D94A51C147A6D4500DDA4AA /* Base.xcconfig */;
			buildSettings = {
				GCC_OPTIMIZATION_LEVEL = 0;
				MACOSX_DEPLOYMENT_TARGET = 10.5;
				ONLY_ACTIVE_ARCH = YES;
			};
			name = Debug;
		};
		C01FCF5008A954540054247B /* Release */ = {
			isa = XCBuildConfiguration;
			baseConfigurationReference = 3D94A51C147A6D4500DDA4AA /* Base.xcconfig */;
			buildSettings = {
				MACOSX_DEPLOYMENT_TARGET = 10.5;
			};
			name = Release;
		};
/* End XCBuildConfiguration section */

/* Begin XCConfigurationList section */
		C01FCF4A08A954540054247B /* Build configuration list for PBXNativeTarget "AngelDiff" */ = {
			isa = XCConfigurationList;
			buildConfigurations = (
				C01FCF4B08A954540054247B /* Debug */,
				C01FCF4C08A954540054247B /* Release */,
			);
			defaultConfigurationIsVisible = 0;
			defaultConfigurationName = Release;
		};
		C01FCF4E08A954540054247B /* Build configuration list for PBXProject "AngelDiff" */ = {
			isa = XCConfigurationList;
			buildConfigurations = (
				C01FCF4F08A954540054247B /* Debug */,
				C01FCF5008A954540054247B /* Release */,
			);
			defaultConfigurationIsVisible = 0;
			defaultConfigurationName = Release;
		};
/* End XCConfigurationList section */
	};
	rootObject = 29B97313FDCFA39411CA2CEA /* Project object */;
}
